
Microsoft Visual Studio Solution File, Format Version 12.00
# Visual Studio Version 16
VisualStudioVersion = 16.0.31624.102
MinimumVisualStudioVersion = 10.0.40219.1
Project("{D954291E-2A0B-460D-934E-DC6B0785DB48}") = "CustomConfiguration.Shared", "CustomConfiguration\CustomConfiguration.Shared\CustomConfiguration.Shared.shproj", "{6279C845-92F8-4333-AB99-3D213163593C}"
EndProject
Project("{2150E333-8FDC-42A3-9474-1A3956D46DE8}") = "Platforms", "Platforms", "{517176E4-B36D-4059-BA85-B1E7B5004396}"
EndProject
Project("{FAE04EC0-301F-11D3-BF4B-00C04F79EFBC}") = "CustomConfiguration.Droid", "CustomConfiguration\CustomConfiguration.Droid\CustomConfiguration.Droid.csproj", "{56CD48D5-B44B-4298-9726-027E3A3F0278}"
EndProject
Project("{FAE04EC0-301F-11D3-BF4B-00C04F79EFBC}") = "CustomConfiguration.iOS", "CustomConfiguration\CustomConfiguration.iOS\CustomConfiguration.iOS.csproj", "{09CEADF4-9F92-497C-9E91-5DFAA0026165}"
EndProject
Project("{FAE04EC0-301F-11D3-BF4B-00C04F79EFBC}") = "CustomConfiguration.UWP", "CustomConfiguration\CustomConfiguration.UWP\CustomConfiguration.UWP.csproj", "{1D44F15D-18BB-4557-AE67-A89419985765}"
EndProject
Project("{FAE04EC0-301F-11D3-BF4B-00C04F79EFBC}") = "CustomConfiguration.Wasm", "CustomConfiguration\CustomConfiguration.Wasm\CustomConfiguration.Wasm.csproj", "{C30A5D68-AA7B-4A37-8407-DFDDF2D4DA59}"
EndProject
Project("{FAE04EC0-301F-11D3-BF4B-00C04F79EFBC}") = "CustomConfiguration.macOS", "CustomConfiguration\CustomConfiguration.macOS\CustomConfiguration.macOS.csproj", "{F68F2B86-8F3C-4E0A-B9CC-9C918741984C}"
EndProject
Project("{FAE04EC0-301F-11D3-BF4B-00C04F79EFBC}") = "CustomConfiguration.Skia.Wpf.Host", "CustomConfiguration\CustomConfiguration.Skia.Wpf.Host\CustomConfiguration.Skia.Wpf.Host.csproj", "{60797DA9-99A9-4E90-AC53-D585D553B009}"
EndProject
Project("{FAE04EC0-301F-11D3-BF4B-00C04F79EFBC}") = "CustomConfiguration.Skia.Wpf", "CustomConfiguration\CustomConfiguration.Skia.Wpf\CustomConfiguration.Skia.Wpf.csproj", "{AD35393C-C739-4B0E-9B27-E385F4DCCF2C}"
EndProject
Project("{FAE04EC0-301F-11D3-BF4B-00C04F79EFBC}") = "CustomConfiguration.Skia.Gtk", "CustomConfiguration\CustomConfiguration.Skia.Gtk\CustomConfiguration.Skia.Gtk.csproj", "{578C6F1F-2603-4D9D-B51A-4404213B2AD1}"
EndProject
Project("{FAE04EC0-301F-11D3-BF4B-00C04F79EFBC}") = "CustomConfiguration.Skia.Tizen", "CustomConfiguration\CustomConfiguration.Skia.Tizen\CustomConfiguration.Skia.Tizen.csproj", "{84109C09-5D4F-4F4F-BC20-D4CAE72EA4B5}"
EndProject
Global
	GlobalSection(SharedMSBuildProjectFiles) = preSolution
		CustomConfiguration\CustomConfiguration.Shared\CustomConfiguration.Shared.projitems*{09ceadf4-9f92-497c-9e91-5dfaa0026165}*SharedItemsImports = 4
		CustomConfiguration\CustomConfiguration.Shared\CustomConfiguration.Shared.projitems*{1d44f15d-18bb-4557-ae67-a89419985765}*SharedItemsImports = 4
		CustomConfiguration\CustomConfiguration.Shared\CustomConfiguration.Shared.projitems*{56cd48d5-b44b-4298-9726-027e3a3f0278}*SharedItemsImports = 4
		CustomConfiguration\CustomConfiguration.Shared\CustomConfiguration.Shared.projitems*{578c6f1f-2603-4d9d-b51a-4404213b2ad1}*SharedItemsImports = 5
		CustomConfiguration\CustomConfiguration.Shared\CustomConfiguration.Shared.projitems*{6279c845-92f8-4333-ab99-3d213163593c}*SharedItemsImports = 13
		CustomConfiguration\CustomConfiguration.Shared\CustomConfiguration.Shared.projitems*{84109c09-5d4f-4f4f-bc20-d4cae72ea4b5}*SharedItemsImports = 5
		CustomConfiguration\CustomConfiguration.Shared\CustomConfiguration.Shared.projitems*{ad35393c-c739-4b0e-9b27-e385f4dccf2c}*SharedItemsImports = 5
		CustomConfiguration\CustomConfiguration.Shared\CustomConfiguration.Shared.projitems*{c30a5d68-aa7b-4a37-8407-dfddf2d4da59}*SharedItemsImports = 5
		CustomConfiguration\CustomConfiguration.Shared\CustomConfiguration.Shared.projitems*{f68f2b86-8f3c-4e0a-b9cc-9c918741984c}*SharedItemsImports = 4
	EndGlobalSection
	GlobalSection(SolutionConfigurationPlatforms) = preSolution
		Ad-Hoc|Any CPU = Ad-Hoc|Any CPU
		Ad-Hoc|ARM = Ad-Hoc|ARM
		Ad-Hoc|ARM64 = Ad-Hoc|ARM64
		Ad-Hoc|iPhone = Ad-Hoc|iPhone
		Ad-Hoc|iPhoneSimulator = Ad-Hoc|iPhoneSimulator
		Ad-Hoc|x64 = Ad-Hoc|x64
		Ad-Hoc|x86 = Ad-Hoc|x86
		AppStore|Any CPU = AppStore|Any CPU
		AppStore|ARM = AppStore|ARM
		AppStore|ARM64 = AppStore|ARM64
		AppStore|iPhone = AppStore|iPhone
		AppStore|iPhoneSimulator = AppStore|iPhoneSimulator
		AppStore|x64 = AppStore|x64
		AppStore|x86 = AppStore|x86
		Debug|Any CPU = Debug|Any CPU
		Debug|ARM = Debug|ARM
		Debug|ARM64 = Debug|ARM64
		Debug|iPhone = Debug|iPhone
		Debug|iPhoneSimulator = Debug|iPhoneSimulator
		Debug|x64 = Debug|x64
		Debug|x86 = Debug|x86
		Mock|Any CPU = Mock|Any CPU
		Mock|ARM = Mock|ARM
		Mock|ARM64 = Mock|ARM64
		Mock|iPhone = Mock|iPhone
		Mock|iPhoneSimulator = Mock|iPhoneSimulator
		Mock|x64 = Mock|x64
		Mock|x86 = Mock|x86
		Release|Any CPU = Release|Any CPU
		Release|ARM = Release|ARM
		Release|ARM64 = Release|ARM64
		Release|iPhone = Release|iPhone
		Release|iPhoneSimulator = Release|iPhoneSimulator
		Release|x64 = Release|x64
		Release|x86 = Release|x86
	EndGlobalSection
	GlobalSection(ProjectConfigurationPlatforms) = postSolution
		{56CD48D5-B44B-4298-9726-027E3A3F0278}.Ad-Hoc|Any CPU.ActiveCfg = Debug|Any CPU
		{56CD48D5-B44B-4298-9726-027E3A3F0278}.Ad-Hoc|Any CPU.Build.0 = Debug|Any CPU
		{56CD48D5-B44B-4298-9726-027E3A3F0278}.Ad-Hoc|Any CPU.Deploy.0 = Debug|Any CPU
		{56CD48D5-B44B-4298-9726-027E3A3F0278}.Ad-Hoc|ARM.ActiveCfg = Debug|Any CPU
		{56CD48D5-B44B-4298-9726-027E3A3F0278}.Ad-Hoc|ARM.Build.0 = Debug|Any CPU
		{56CD48D5-B44B-4298-9726-027E3A3F0278}.Ad-Hoc|ARM.Deploy.0 = Debug|Any CPU
		{56CD48D5-B44B-4298-9726-027E3A3F0278}.Ad-Hoc|ARM64.ActiveCfg = Debug|Any CPU
		{56CD48D5-B44B-4298-9726-027E3A3F0278}.Ad-Hoc|ARM64.Build.0 = Debug|Any CPU
		{56CD48D5-B44B-4298-9726-027E3A3F0278}.Ad-Hoc|ARM64.Deploy.0 = Debug|Any CPU
		{56CD48D5-B44B-4298-9726-027E3A3F0278}.Ad-Hoc|iPhone.ActiveCfg = Debug|Any CPU
		{56CD48D5-B44B-4298-9726-027E3A3F0278}.Ad-Hoc|iPhone.Build.0 = Debug|Any CPU
		{56CD48D5-B44B-4298-9726-027E3A3F0278}.Ad-Hoc|iPhone.Deploy.0 = Debug|Any CPU
		{56CD48D5-B44B-4298-9726-027E3A3F0278}.Ad-Hoc|iPhoneSimulator.ActiveCfg = Debug|Any CPU
		{56CD48D5-B44B-4298-9726-027E3A3F0278}.Ad-Hoc|iPhoneSimulator.Build.0 = Debug|Any CPU
		{56CD48D5-B44B-4298-9726-027E3A3F0278}.Ad-Hoc|iPhoneSimulator.Deploy.0 = Debug|Any CPU
		{56CD48D5-B44B-4298-9726-027E3A3F0278}.Ad-Hoc|x64.ActiveCfg = Debug|Any CPU
		{56CD48D5-B44B-4298-9726-027E3A3F0278}.Ad-Hoc|x64.Build.0 = Debug|Any CPU
		{56CD48D5-B44B-4298-9726-027E3A3F0278}.Ad-Hoc|x64.Deploy.0 = Debug|Any CPU
		{56CD48D5-B44B-4298-9726-027E3A3F0278}.Ad-Hoc|x86.ActiveCfg = Debug|Any CPU
		{56CD48D5-B44B-4298-9726-027E3A3F0278}.Ad-Hoc|x86.Build.0 = Debug|Any CPU
		{56CD48D5-B44B-4298-9726-027E3A3F0278}.Ad-Hoc|x86.Deploy.0 = Debug|Any CPU
		{56CD48D5-B44B-4298-9726-027E3A3F0278}.AppStore|Any CPU.ActiveCfg = Debug|Any CPU
		{56CD48D5-B44B-4298-9726-027E3A3F0278}.AppStore|Any CPU.Build.0 = Debug|Any CPU
		{56CD48D5-B44B-4298-9726-027E3A3F0278}.AppStore|Any CPU.Deploy.0 = Debug|Any CPU
		{56CD48D5-B44B-4298-9726-027E3A3F0278}.AppStore|ARM.ActiveCfg = Debug|Any CPU
		{56CD48D5-B44B-4298-9726-027E3A3F0278}.AppStore|ARM.Build.0 = Debug|Any CPU
		{56CD48D5-B44B-4298-9726-027E3A3F0278}.AppStore|ARM.Deploy.0 = Debug|Any CPU
		{56CD48D5-B44B-4298-9726-027E3A3F0278}.AppStore|ARM64.ActiveCfg = Debug|Any CPU
		{56CD48D5-B44B-4298-9726-027E3A3F0278}.AppStore|ARM64.Build.0 = Debug|Any CPU
		{56CD48D5-B44B-4298-9726-027E3A3F0278}.AppStore|ARM64.Deploy.0 = Debug|Any CPU
		{56CD48D5-B44B-4298-9726-027E3A3F0278}.AppStore|iPhone.ActiveCfg = Debug|Any CPU
		{56CD48D5-B44B-4298-9726-027E3A3F0278}.AppStore|iPhone.Build.0 = Debug|Any CPU
		{56CD48D5-B44B-4298-9726-027E3A3F0278}.AppStore|iPhone.Deploy.0 = Debug|Any CPU
		{56CD48D5-B44B-4298-9726-027E3A3F0278}.AppStore|iPhoneSimulator.ActiveCfg = Debug|Any CPU
		{56CD48D5-B44B-4298-9726-027E3A3F0278}.AppStore|iPhoneSimulator.Build.0 = Debug|Any CPU
		{56CD48D5-B44B-4298-9726-027E3A3F0278}.AppStore|iPhoneSimulator.Deploy.0 = Debug|Any CPU
		{56CD48D5-B44B-4298-9726-027E3A3F0278}.AppStore|x64.ActiveCfg = Debug|Any CPU
		{56CD48D5-B44B-4298-9726-027E3A3F0278}.AppStore|x64.Build.0 = Debug|Any CPU
		{56CD48D5-B44B-4298-9726-027E3A3F0278}.AppStore|x64.Deploy.0 = Debug|Any CPU
		{56CD48D5-B44B-4298-9726-027E3A3F0278}.AppStore|x86.ActiveCfg = Debug|Any CPU
		{56CD48D5-B44B-4298-9726-027E3A3F0278}.AppStore|x86.Build.0 = Debug|Any CPU
		{56CD48D5-B44B-4298-9726-027E3A3F0278}.AppStore|x86.Deploy.0 = Debug|Any CPU
		{56CD48D5-B44B-4298-9726-027E3A3F0278}.Debug|Any CPU.ActiveCfg = Debug|Any CPU
		{56CD48D5-B44B-4298-9726-027E3A3F0278}.Debug|Any CPU.Build.0 = Debug|Any CPU
		{56CD48D5-B44B-4298-9726-027E3A3F0278}.Debug|Any CPU.Deploy.0 = Debug|Any CPU
		{56CD48D5-B44B-4298-9726-027E3A3F0278}.Debug|ARM.ActiveCfg = Debug|Any CPU
		{56CD48D5-B44B-4298-9726-027E3A3F0278}.Debug|ARM.Build.0 = Debug|Any CPU
		{56CD48D5-B44B-4298-9726-027E3A3F0278}.Debug|ARM.Deploy.0 = Debug|Any CPU
		{56CD48D5-B44B-4298-9726-027E3A3F0278}.Debug|ARM64.ActiveCfg = Debug|Any CPU
		{56CD48D5-B44B-4298-9726-027E3A3F0278}.Debug|ARM64.Build.0 = Debug|Any CPU
		{56CD48D5-B44B-4298-9726-027E3A3F0278}.Debug|ARM64.Deploy.0 = Debug|Any CPU
		{56CD48D5-B44B-4298-9726-027E3A3F0278}.Debug|iPhone.ActiveCfg = Debug|Any CPU
		{56CD48D5-B44B-4298-9726-027E3A3F0278}.Debug|iPhone.Build.0 = Debug|Any CPU
		{56CD48D5-B44B-4298-9726-027E3A3F0278}.Debug|iPhone.Deploy.0 = Debug|Any CPU
		{56CD48D5-B44B-4298-9726-027E3A3F0278}.Debug|iPhoneSimulator.ActiveCfg = Debug|Any CPU
		{56CD48D5-B44B-4298-9726-027E3A3F0278}.Debug|iPhoneSimulator.Build.0 = Debug|Any CPU
		{56CD48D5-B44B-4298-9726-027E3A3F0278}.Debug|iPhoneSimulator.Deploy.0 = Debug|Any CPU
		{56CD48D5-B44B-4298-9726-027E3A3F0278}.Debug|x64.ActiveCfg = Debug|Any CPU
		{56CD48D5-B44B-4298-9726-027E3A3F0278}.Debug|x64.Build.0 = Debug|Any CPU
		{56CD48D5-B44B-4298-9726-027E3A3F0278}.Debug|x64.Deploy.0 = Debug|Any CPU
		{56CD48D5-B44B-4298-9726-027E3A3F0278}.Debug|x86.ActiveCfg = Debug|Any CPU
		{56CD48D5-B44B-4298-9726-027E3A3F0278}.Debug|x86.Build.0 = Debug|Any CPU
		{56CD48D5-B44B-4298-9726-027E3A3F0278}.Debug|x86.Deploy.0 = Debug|Any CPU
		{56CD48D5-B44B-4298-9726-027E3A3F0278}.Mock|Any CPU.ActiveCfg = Mock|Any CPU
		{56CD48D5-B44B-4298-9726-027E3A3F0278}.Mock|Any CPU.Build.0 = Mock|Any CPU
		{56CD48D5-B44B-4298-9726-027E3A3F0278}.Mock|Any CPU.Deploy.0 = Mock|Any CPU
		{56CD48D5-B44B-4298-9726-027E3A3F0278}.Mock|ARM.ActiveCfg = Mock|Any CPU
		{56CD48D5-B44B-4298-9726-027E3A3F0278}.Mock|ARM.Build.0 = Mock|Any CPU
		{56CD48D5-B44B-4298-9726-027E3A3F0278}.Mock|ARM.Deploy.0 = Mock|Any CPU
		{56CD48D5-B44B-4298-9726-027E3A3F0278}.Mock|ARM64.ActiveCfg = Mock|Any CPU
		{56CD48D5-B44B-4298-9726-027E3A3F0278}.Mock|ARM64.Build.0 = Mock|Any CPU
		{56CD48D5-B44B-4298-9726-027E3A3F0278}.Mock|ARM64.Deploy.0 = Mock|Any CPU
		{56CD48D5-B44B-4298-9726-027E3A3F0278}.Mock|iPhone.ActiveCfg = Mock|Any CPU
		{56CD48D5-B44B-4298-9726-027E3A3F0278}.Mock|iPhone.Build.0 = Mock|Any CPU
		{56CD48D5-B44B-4298-9726-027E3A3F0278}.Mock|iPhone.Deploy.0 = Mock|Any CPU
		{56CD48D5-B44B-4298-9726-027E3A3F0278}.Mock|iPhoneSimulator.ActiveCfg = Mock|Any CPU
		{56CD48D5-B44B-4298-9726-027E3A3F0278}.Mock|iPhoneSimulator.Build.0 = Mock|Any CPU
		{56CD48D5-B44B-4298-9726-027E3A3F0278}.Mock|iPhoneSimulator.Deploy.0 = Mock|Any CPU
		{56CD48D5-B44B-4298-9726-027E3A3F0278}.Mock|x64.ActiveCfg = Mock|Any CPU
		{56CD48D5-B44B-4298-9726-027E3A3F0278}.Mock|x64.Build.0 = Mock|Any CPU
		{56CD48D5-B44B-4298-9726-027E3A3F0278}.Mock|x64.Deploy.0 = Mock|Any CPU
		{56CD48D5-B44B-4298-9726-027E3A3F0278}.Mock|x86.ActiveCfg = Mock|Any CPU
		{56CD48D5-B44B-4298-9726-027E3A3F0278}.Mock|x86.Build.0 = Mock|Any CPU
		{56CD48D5-B44B-4298-9726-027E3A3F0278}.Mock|x86.Deploy.0 = Mock|Any CPU
		{56CD48D5-B44B-4298-9726-027E3A3F0278}.Release|Any CPU.ActiveCfg = Release|Any CPU
		{56CD48D5-B44B-4298-9726-027E3A3F0278}.Release|Any CPU.Build.0 = Release|Any CPU
		{56CD48D5-B44B-4298-9726-027E3A3F0278}.Release|Any CPU.Deploy.0 = Release|Any CPU
		{56CD48D5-B44B-4298-9726-027E3A3F0278}.Release|ARM.ActiveCfg = Release|Any CPU
		{56CD48D5-B44B-4298-9726-027E3A3F0278}.Release|ARM.Build.0 = Release|Any CPU
		{56CD48D5-B44B-4298-9726-027E3A3F0278}.Release|ARM.Deploy.0 = Release|Any CPU
		{56CD48D5-B44B-4298-9726-027E3A3F0278}.Release|ARM64.ActiveCfg = Release|Any CPU
		{56CD48D5-B44B-4298-9726-027E3A3F0278}.Release|ARM64.Build.0 = Release|Any CPU
		{56CD48D5-B44B-4298-9726-027E3A3F0278}.Release|ARM64.Deploy.0 = Release|Any CPU
		{56CD48D5-B44B-4298-9726-027E3A3F0278}.Release|iPhone.ActiveCfg = Release|Any CPU
		{56CD48D5-B44B-4298-9726-027E3A3F0278}.Release|iPhone.Build.0 = Release|Any CPU
		{56CD48D5-B44B-4298-9726-027E3A3F0278}.Release|iPhone.Deploy.0 = Release|Any CPU
		{56CD48D5-B44B-4298-9726-027E3A3F0278}.Release|iPhoneSimulator.ActiveCfg = Release|Any CPU
		{56CD48D5-B44B-4298-9726-027E3A3F0278}.Release|iPhoneSimulator.Build.0 = Release|Any CPU
		{56CD48D5-B44B-4298-9726-027E3A3F0278}.Release|iPhoneSimulator.Deploy.0 = Release|Any CPU
		{56CD48D5-B44B-4298-9726-027E3A3F0278}.Release|x64.ActiveCfg = Release|Any CPU
		{56CD48D5-B44B-4298-9726-027E3A3F0278}.Release|x64.Build.0 = Release|Any CPU
		{56CD48D5-B44B-4298-9726-027E3A3F0278}.Release|x64.Deploy.0 = Release|Any CPU
		{56CD48D5-B44B-4298-9726-027E3A3F0278}.Release|x86.ActiveCfg = Release|Any CPU
		{56CD48D5-B44B-4298-9726-027E3A3F0278}.Release|x86.Build.0 = Release|Any CPU
		{56CD48D5-B44B-4298-9726-027E3A3F0278}.Release|x86.Deploy.0 = Release|Any CPU
		{09CEADF4-9F92-497C-9E91-5DFAA0026165}.Ad-Hoc|Any CPU.ActiveCfg = Ad-Hoc|iPhoneSimulator
		{09CEADF4-9F92-497C-9E91-5DFAA0026165}.Ad-Hoc|ARM.ActiveCfg = Ad-Hoc|iPhoneSimulator
		{09CEADF4-9F92-497C-9E91-5DFAA0026165}.Ad-Hoc|ARM64.ActiveCfg = Ad-Hoc|iPhoneSimulator
		{09CEADF4-9F92-497C-9E91-5DFAA0026165}.Ad-Hoc|iPhone.ActiveCfg = Ad-Hoc|iPhone
		{09CEADF4-9F92-497C-9E91-5DFAA0026165}.Ad-Hoc|iPhone.Build.0 = Ad-Hoc|iPhone
		{09CEADF4-9F92-497C-9E91-5DFAA0026165}.Ad-Hoc|iPhoneSimulator.ActiveCfg = Ad-Hoc|iPhoneSimulator
		{09CEADF4-9F92-497C-9E91-5DFAA0026165}.Ad-Hoc|iPhoneSimulator.Build.0 = Ad-Hoc|iPhoneSimulator
		{09CEADF4-9F92-497C-9E91-5DFAA0026165}.Ad-Hoc|x64.ActiveCfg = Ad-Hoc|iPhoneSimulator
		{09CEADF4-9F92-497C-9E91-5DFAA0026165}.Ad-Hoc|x86.ActiveCfg = Ad-Hoc|iPhoneSimulator
		{09CEADF4-9F92-497C-9E91-5DFAA0026165}.AppStore|Any CPU.ActiveCfg = AppStore|iPhoneSimulator
		{09CEADF4-9F92-497C-9E91-5DFAA0026165}.AppStore|ARM.ActiveCfg = AppStore|iPhoneSimulator
		{09CEADF4-9F92-497C-9E91-5DFAA0026165}.AppStore|ARM64.ActiveCfg = AppStore|iPhoneSimulator
		{09CEADF4-9F92-497C-9E91-5DFAA0026165}.AppStore|iPhone.ActiveCfg = AppStore|iPhone
		{09CEADF4-9F92-497C-9E91-5DFAA0026165}.AppStore|iPhone.Build.0 = AppStore|iPhone
		{09CEADF4-9F92-497C-9E91-5DFAA0026165}.AppStore|iPhoneSimulator.ActiveCfg = AppStore|iPhoneSimulator
		{09CEADF4-9F92-497C-9E91-5DFAA0026165}.AppStore|iPhoneSimulator.Build.0 = AppStore|iPhoneSimulator
		{09CEADF4-9F92-497C-9E91-5DFAA0026165}.AppStore|x64.ActiveCfg = AppStore|iPhoneSimulator
		{09CEADF4-9F92-497C-9E91-5DFAA0026165}.AppStore|x86.ActiveCfg = AppStore|iPhoneSimulator
		{09CEADF4-9F92-497C-9E91-5DFAA0026165}.Debug|Any CPU.ActiveCfg = Debug|iPhoneSimulator
		{09CEADF4-9F92-497C-9E91-5DFAA0026165}.Debug|ARM.ActiveCfg = Debug|iPhoneSimulator
		{09CEADF4-9F92-497C-9E91-5DFAA0026165}.Debug|ARM64.ActiveCfg = Debug|iPhoneSimulator
		{09CEADF4-9F92-497C-9E91-5DFAA0026165}.Debug|iPhone.ActiveCfg = Debug|iPhone
		{09CEADF4-9F92-497C-9E91-5DFAA0026165}.Debug|iPhone.Build.0 = Debug|iPhone
		{09CEADF4-9F92-497C-9E91-5DFAA0026165}.Debug|iPhoneSimulator.ActiveCfg = Debug|iPhoneSimulator
		{09CEADF4-9F92-497C-9E91-5DFAA0026165}.Debug|iPhoneSimulator.Build.0 = Debug|iPhoneSimulator
		{09CEADF4-9F92-497C-9E91-5DFAA0026165}.Debug|x64.ActiveCfg = Debug|iPhoneSimulator
		{09CEADF4-9F92-497C-9E91-5DFAA0026165}.Debug|x86.ActiveCfg = Debug|iPhoneSimulator
		{09CEADF4-9F92-497C-9E91-5DFAA0026165}.Mock|Any CPU.ActiveCfg = Mock|iPhoneSimulator
		{09CEADF4-9F92-497C-9E91-5DFAA0026165}.Mock|ARM.ActiveCfg = Mock|iPhoneSimulator
		{09CEADF4-9F92-497C-9E91-5DFAA0026165}.Mock|ARM64.ActiveCfg = Mock|iPhoneSimulator
		{09CEADF4-9F92-497C-9E91-5DFAA0026165}.Mock|iPhone.ActiveCfg = Mock|iPhone
		{09CEADF4-9F92-497C-9E91-5DFAA0026165}.Mock|iPhoneSimulator.ActiveCfg = Mock|iPhoneSimulator
		{09CEADF4-9F92-497C-9E91-5DFAA0026165}.Mock|x64.ActiveCfg = Mock|iPhoneSimulator
		{09CEADF4-9F92-497C-9E91-5DFAA0026165}.Mock|x86.ActiveCfg = Mock|iPhoneSimulator
		{09CEADF4-9F92-497C-9E91-5DFAA0026165}.Release|Any CPU.ActiveCfg = Release|iPhoneSimulator
		{09CEADF4-9F92-497C-9E91-5DFAA0026165}.Release|ARM.ActiveCfg = Release|iPhoneSimulator
		{09CEADF4-9F92-497C-9E91-5DFAA0026165}.Release|ARM64.ActiveCfg = Release|iPhoneSimulator
		{09CEADF4-9F92-497C-9E91-5DFAA0026165}.Release|iPhone.ActiveCfg = Release|iPhone
		{09CEADF4-9F92-497C-9E91-5DFAA0026165}.Release|iPhone.Build.0 = Release|iPhone
		{09CEADF4-9F92-497C-9E91-5DFAA0026165}.Release|iPhoneSimulator.ActiveCfg = Release|iPhoneSimulator
		{09CEADF4-9F92-497C-9E91-5DFAA0026165}.Release|iPhoneSimulator.Build.0 = Release|iPhoneSimulator
		{09CEADF4-9F92-497C-9E91-5DFAA0026165}.Release|x64.ActiveCfg = Release|iPhoneSimulator
		{09CEADF4-9F92-497C-9E91-5DFAA0026165}.Release|x86.ActiveCfg = Release|iPhoneSimulator
		{1D44F15D-18BB-4557-AE67-A89419985765}.Ad-Hoc|Any CPU.ActiveCfg = Debug|x86
		{1D44F15D-18BB-4557-AE67-A89419985765}.Ad-Hoc|Any CPU.Build.0 = Debug|x86
		{1D44F15D-18BB-4557-AE67-A89419985765}.Ad-Hoc|Any CPU.Deploy.0 = Debug|x86
		{1D44F15D-18BB-4557-AE67-A89419985765}.Ad-Hoc|ARM.ActiveCfg = Debug|ARM
		{1D44F15D-18BB-4557-AE67-A89419985765}.Ad-Hoc|ARM.Build.0 = Debug|ARM
		{1D44F15D-18BB-4557-AE67-A89419985765}.Ad-Hoc|ARM.Deploy.0 = Debug|ARM
		{1D44F15D-18BB-4557-AE67-A89419985765}.Ad-Hoc|ARM64.ActiveCfg = Debug|ARM64
		{1D44F15D-18BB-4557-AE67-A89419985765}.Ad-Hoc|ARM64.Build.0 = Debug|ARM64
		{1D44F15D-18BB-4557-AE67-A89419985765}.Ad-Hoc|ARM64.Deploy.0 = Debug|ARM64
		{1D44F15D-18BB-4557-AE67-A89419985765}.Ad-Hoc|iPhone.ActiveCfg = Debug|x86
		{1D44F15D-18BB-4557-AE67-A89419985765}.Ad-Hoc|iPhone.Build.0 = Debug|x86
		{1D44F15D-18BB-4557-AE67-A89419985765}.Ad-Hoc|iPhone.Deploy.0 = Debug|x86
		{1D44F15D-18BB-4557-AE67-A89419985765}.Ad-Hoc|iPhoneSimulator.ActiveCfg = Debug|x86
		{1D44F15D-18BB-4557-AE67-A89419985765}.Ad-Hoc|iPhoneSimulator.Build.0 = Debug|x86
		{1D44F15D-18BB-4557-AE67-A89419985765}.Ad-Hoc|iPhoneSimulator.Deploy.0 = Debug|x86
		{1D44F15D-18BB-4557-AE67-A89419985765}.Ad-Hoc|x64.ActiveCfg = Debug|x64
		{1D44F15D-18BB-4557-AE67-A89419985765}.Ad-Hoc|x64.Build.0 = Debug|x64
		{1D44F15D-18BB-4557-AE67-A89419985765}.Ad-Hoc|x64.Deploy.0 = Debug|x64
		{1D44F15D-18BB-4557-AE67-A89419985765}.Ad-Hoc|x86.ActiveCfg = Debug|x86
		{1D44F15D-18BB-4557-AE67-A89419985765}.Ad-Hoc|x86.Build.0 = Debug|x86
		{1D44F15D-18BB-4557-AE67-A89419985765}.Ad-Hoc|x86.Deploy.0 = Debug|x86
		{1D44F15D-18BB-4557-AE67-A89419985765}.AppStore|Any CPU.ActiveCfg = Debug|x86
		{1D44F15D-18BB-4557-AE67-A89419985765}.AppStore|Any CPU.Build.0 = Debug|x86
		{1D44F15D-18BB-4557-AE67-A89419985765}.AppStore|Any CPU.Deploy.0 = Debug|x86
		{1D44F15D-18BB-4557-AE67-A89419985765}.AppStore|ARM.ActiveCfg = Debug|ARM
		{1D44F15D-18BB-4557-AE67-A89419985765}.AppStore|ARM.Build.0 = Debug|ARM
		{1D44F15D-18BB-4557-AE67-A89419985765}.AppStore|ARM.Deploy.0 = Debug|ARM
		{1D44F15D-18BB-4557-AE67-A89419985765}.AppStore|ARM64.ActiveCfg = Debug|ARM64
		{1D44F15D-18BB-4557-AE67-A89419985765}.AppStore|ARM64.Build.0 = Debug|ARM64
		{1D44F15D-18BB-4557-AE67-A89419985765}.AppStore|ARM64.Deploy.0 = Debug|ARM64
		{1D44F15D-18BB-4557-AE67-A89419985765}.AppStore|iPhone.ActiveCfg = Debug|x86
		{1D44F15D-18BB-4557-AE67-A89419985765}.AppStore|iPhone.Build.0 = Debug|x86
		{1D44F15D-18BB-4557-AE67-A89419985765}.AppStore|iPhone.Deploy.0 = Debug|x86
		{1D44F15D-18BB-4557-AE67-A89419985765}.AppStore|iPhoneSimulator.ActiveCfg = Debug|x86
		{1D44F15D-18BB-4557-AE67-A89419985765}.AppStore|iPhoneSimulator.Build.0 = Debug|x86
		{1D44F15D-18BB-4557-AE67-A89419985765}.AppStore|iPhoneSimulator.Deploy.0 = Debug|x86
		{1D44F15D-18BB-4557-AE67-A89419985765}.AppStore|x64.ActiveCfg = Debug|x64
		{1D44F15D-18BB-4557-AE67-A89419985765}.AppStore|x64.Build.0 = Debug|x64
		{1D44F15D-18BB-4557-AE67-A89419985765}.AppStore|x64.Deploy.0 = Debug|x64
		{1D44F15D-18BB-4557-AE67-A89419985765}.AppStore|x86.ActiveCfg = Debug|x86
		{1D44F15D-18BB-4557-AE67-A89419985765}.AppStore|x86.Build.0 = Debug|x86
		{1D44F15D-18BB-4557-AE67-A89419985765}.AppStore|x86.Deploy.0 = Debug|x86
		{1D44F15D-18BB-4557-AE67-A89419985765}.Debug|Any CPU.ActiveCfg = Debug|x86
		{1D44F15D-18BB-4557-AE67-A89419985765}.Debug|Any CPU.Build.0 = Debug|x86
		{1D44F15D-18BB-4557-AE67-A89419985765}.Debug|Any CPU.Deploy.0 = Debug|x86
		{1D44F15D-18BB-4557-AE67-A89419985765}.Debug|ARM.ActiveCfg = Debug|ARM
		{1D44F15D-18BB-4557-AE67-A89419985765}.Debug|ARM.Build.0 = Debug|ARM
		{1D44F15D-18BB-4557-AE67-A89419985765}.Debug|ARM.Deploy.0 = Debug|ARM
		{1D44F15D-18BB-4557-AE67-A89419985765}.Debug|ARM64.ActiveCfg = Debug|ARM64
		{1D44F15D-18BB-4557-AE67-A89419985765}.Debug|ARM64.Build.0 = Debug|ARM64
		{1D44F15D-18BB-4557-AE67-A89419985765}.Debug|ARM64.Deploy.0 = Debug|ARM64
		{1D44F15D-18BB-4557-AE67-A89419985765}.Debug|iPhone.ActiveCfg = Debug|x86
		{1D44F15D-18BB-4557-AE67-A89419985765}.Debug|iPhoneSimulator.ActiveCfg = Debug|x86
		{1D44F15D-18BB-4557-AE67-A89419985765}.Debug|x64.ActiveCfg = Debug|x64
		{1D44F15D-18BB-4557-AE67-A89419985765}.Debug|x64.Build.0 = Debug|x64
		{1D44F15D-18BB-4557-AE67-A89419985765}.Debug|x64.Deploy.0 = Debug|x64
		{1D44F15D-18BB-4557-AE67-A89419985765}.Debug|x86.ActiveCfg = Debug|x86
		{1D44F15D-18BB-4557-AE67-A89419985765}.Debug|x86.Build.0 = Debug|x86
		{1D44F15D-18BB-4557-AE67-A89419985765}.Debug|x86.Deploy.0 = Debug|x86
		{1D44F15D-18BB-4557-AE67-A89419985765}.Mock|Any CPU.ActiveCfg = Mock|x86
		{1D44F15D-18BB-4557-AE67-A89419985765}.Mock|Any CPU.Build.0 = Mock|x86
		{1D44F15D-18BB-4557-AE67-A89419985765}.Mock|Any CPU.Deploy.0 = Mock|x86
		{1D44F15D-18BB-4557-AE67-A89419985765}.Mock|ARM.ActiveCfg = Mock|ARM
		{1D44F15D-18BB-4557-AE67-A89419985765}.Mock|ARM.Build.0 = Mock|ARM
		{1D44F15D-18BB-4557-AE67-A89419985765}.Mock|ARM.Deploy.0 = Mock|ARM
		{1D44F15D-18BB-4557-AE67-A89419985765}.Mock|ARM64.ActiveCfg = Mock|ARM64
		{1D44F15D-18BB-4557-AE67-A89419985765}.Mock|ARM64.Build.0 = Mock|ARM64
		{1D44F15D-18BB-4557-AE67-A89419985765}.Mock|ARM64.Deploy.0 = Mock|ARM64
		{1D44F15D-18BB-4557-AE67-A89419985765}.Mock|iPhone.ActiveCfg = Mock|x86
		{1D44F15D-18BB-4557-AE67-A89419985765}.Mock|iPhoneSimulator.ActiveCfg = Mock|x86
		{1D44F15D-18BB-4557-AE67-A89419985765}.Mock|x64.ActiveCfg = Mock|x64
		{1D44F15D-18BB-4557-AE67-A89419985765}.Mock|x64.Build.0 = Mock|x64
		{1D44F15D-18BB-4557-AE67-A89419985765}.Mock|x64.Deploy.0 = Mock|x64
		{1D44F15D-18BB-4557-AE67-A89419985765}.Mock|x86.ActiveCfg = Mock|x86
		{1D44F15D-18BB-4557-AE67-A89419985765}.Mock|x86.Build.0 = Mock|x86
		{1D44F15D-18BB-4557-AE67-A89419985765}.Mock|x86.Deploy.0 = Mock|x86
		{1D44F15D-18BB-4557-AE67-A89419985765}.Release|Any CPU.ActiveCfg = Release|x86
		{1D44F15D-18BB-4557-AE67-A89419985765}.Release|ARM.ActiveCfg = Release|ARM
		{1D44F15D-18BB-4557-AE67-A89419985765}.Release|ARM.Build.0 = Release|ARM
		{1D44F15D-18BB-4557-AE67-A89419985765}.Release|ARM.Deploy.0 = Release|ARM
		{1D44F15D-18BB-4557-AE67-A89419985765}.Release|ARM64.ActiveCfg = Release|ARM64
		{1D44F15D-18BB-4557-AE67-A89419985765}.Release|ARM64.Build.0 = Release|ARM64
		{1D44F15D-18BB-4557-AE67-A89419985765}.Release|ARM64.Deploy.0 = Release|ARM64
		{1D44F15D-18BB-4557-AE67-A89419985765}.Release|iPhone.ActiveCfg = Release|x86
		{1D44F15D-18BB-4557-AE67-A89419985765}.Release|iPhoneSimulator.ActiveCfg = Release|x86
		{1D44F15D-18BB-4557-AE67-A89419985765}.Release|x64.ActiveCfg = Release|x64
		{1D44F15D-18BB-4557-AE67-A89419985765}.Release|x64.Build.0 = Release|x64
		{1D44F15D-18BB-4557-AE67-A89419985765}.Release|x64.Deploy.0 = Release|x64
		{1D44F15D-18BB-4557-AE67-A89419985765}.Release|x86.ActiveCfg = Release|x86
		{1D44F15D-18BB-4557-AE67-A89419985765}.Release|x86.Build.0 = Release|x86
		{1D44F15D-18BB-4557-AE67-A89419985765}.Release|x86.Deploy.0 = Release|x86
		{C30A5D68-AA7B-4A37-8407-DFDDF2D4DA59}.Ad-Hoc|Any CPU.ActiveCfg = Debug|Any CPU
		{C30A5D68-AA7B-4A37-8407-DFDDF2D4DA59}.Ad-Hoc|Any CPU.Build.0 = Debug|Any CPU
		{C30A5D68-AA7B-4A37-8407-DFDDF2D4DA59}.Ad-Hoc|ARM.ActiveCfg = Debug|Any CPU
		{C30A5D68-AA7B-4A37-8407-DFDDF2D4DA59}.Ad-Hoc|ARM.Build.0 = Debug|Any CPU
		{C30A5D68-AA7B-4A37-8407-DFDDF2D4DA59}.Ad-Hoc|ARM64.ActiveCfg = Debug|Any CPU
		{C30A5D68-AA7B-4A37-8407-DFDDF2D4DA59}.Ad-Hoc|ARM64.Build.0 = Debug|Any CPU
		{C30A5D68-AA7B-4A37-8407-DFDDF2D4DA59}.Ad-Hoc|iPhone.ActiveCfg = Debug|Any CPU
		{C30A5D68-AA7B-4A37-8407-DFDDF2D4DA59}.Ad-Hoc|iPhone.Build.0 = Debug|Any CPU
		{C30A5D68-AA7B-4A37-8407-DFDDF2D4DA59}.Ad-Hoc|iPhoneSimulator.ActiveCfg = Debug|Any CPU
		{C30A5D68-AA7B-4A37-8407-DFDDF2D4DA59}.Ad-Hoc|iPhoneSimulator.Build.0 = Debug|Any CPU
		{C30A5D68-AA7B-4A37-8407-DFDDF2D4DA59}.Ad-Hoc|x64.ActiveCfg = Debug|Any CPU
		{C30A5D68-AA7B-4A37-8407-DFDDF2D4DA59}.Ad-Hoc|x64.Build.0 = Debug|Any CPU
		{C30A5D68-AA7B-4A37-8407-DFDDF2D4DA59}.Ad-Hoc|x86.ActiveCfg = Debug|Any CPU
		{C30A5D68-AA7B-4A37-8407-DFDDF2D4DA59}.Ad-Hoc|x86.Build.0 = Debug|Any CPU
		{C30A5D68-AA7B-4A37-8407-DFDDF2D4DA59}.AppStore|Any CPU.ActiveCfg = Debug|Any CPU
		{C30A5D68-AA7B-4A37-8407-DFDDF2D4DA59}.AppStore|Any CPU.Build.0 = Debug|Any CPU
		{C30A5D68-AA7B-4A37-8407-DFDDF2D4DA59}.AppStore|ARM.ActiveCfg = Debug|Any CPU
		{C30A5D68-AA7B-4A37-8407-DFDDF2D4DA59}.AppStore|ARM.Build.0 = Debug|Any CPU
		{C30A5D68-AA7B-4A37-8407-DFDDF2D4DA59}.AppStore|ARM64.ActiveCfg = Debug|Any CPU
		{C30A5D68-AA7B-4A37-8407-DFDDF2D4DA59}.AppStore|ARM64.Build.0 = Debug|Any CPU
		{C30A5D68-AA7B-4A37-8407-DFDDF2D4DA59}.AppStore|iPhone.ActiveCfg = Debug|Any CPU
		{C30A5D68-AA7B-4A37-8407-DFDDF2D4DA59}.AppStore|iPhone.Build.0 = Debug|Any CPU
		{C30A5D68-AA7B-4A37-8407-DFDDF2D4DA59}.AppStore|iPhoneSimulator.ActiveCfg = Debug|Any CPU
		{C30A5D68-AA7B-4A37-8407-DFDDF2D4DA59}.AppStore|iPhoneSimulator.Build.0 = Debug|Any CPU
		{C30A5D68-AA7B-4A37-8407-DFDDF2D4DA59}.AppStore|x64.ActiveCfg = Debug|Any CPU
		{C30A5D68-AA7B-4A37-8407-DFDDF2D4DA59}.AppStore|x64.Build.0 = Debug|Any CPU
		{C30A5D68-AA7B-4A37-8407-DFDDF2D4DA59}.AppStore|x86.ActiveCfg = Debug|Any CPU
		{C30A5D68-AA7B-4A37-8407-DFDDF2D4DA59}.AppStore|x86.Build.0 = Debug|Any CPU
		{C30A5D68-AA7B-4A37-8407-DFDDF2D4DA59}.Debug|Any CPU.ActiveCfg = Debug|Any CPU
		{C30A5D68-AA7B-4A37-8407-DFDDF2D4DA59}.Debug|Any CPU.Build.0 = Debug|Any CPU
		{C30A5D68-AA7B-4A37-8407-DFDDF2D4DA59}.Debug|ARM.ActiveCfg = Debug|Any CPU
		{C30A5D68-AA7B-4A37-8407-DFDDF2D4DA59}.Debug|ARM.Build.0 = Debug|Any CPU
		{C30A5D68-AA7B-4A37-8407-DFDDF2D4DA59}.Debug|ARM64.ActiveCfg = Debug|Any CPU
		{C30A5D68-AA7B-4A37-8407-DFDDF2D4DA59}.Debug|ARM64.Build.0 = Debug|Any CPU
		{C30A5D68-AA7B-4A37-8407-DFDDF2D4DA59}.Debug|iPhone.ActiveCfg = Debug|Any CPU
		{C30A5D68-AA7B-4A37-8407-DFDDF2D4DA59}.Debug|iPhone.Build.0 = Debug|Any CPU
		{C30A5D68-AA7B-4A37-8407-DFDDF2D4DA59}.Debug|iPhoneSimulator.ActiveCfg = Debug|Any CPU
		{C30A5D68-AA7B-4A37-8407-DFDDF2D4DA59}.Debug|iPhoneSimulator.Build.0 = Debug|Any CPU
		{C30A5D68-AA7B-4A37-8407-DFDDF2D4DA59}.Debug|x64.ActiveCfg = Debug|Any CPU
		{C30A5D68-AA7B-4A37-8407-DFDDF2D4DA59}.Debug|x64.Build.0 = Debug|Any CPU
		{C30A5D68-AA7B-4A37-8407-DFDDF2D4DA59}.Debug|x86.ActiveCfg = Debug|Any CPU
		{C30A5D68-AA7B-4A37-8407-DFDDF2D4DA59}.Debug|x86.Build.0 = Debug|Any CPU
		{C30A5D68-AA7B-4A37-8407-DFDDF2D4DA59}.Mock|Any CPU.ActiveCfg = Mock|Any CPU
		{C30A5D68-AA7B-4A37-8407-DFDDF2D4DA59}.Mock|Any CPU.Build.0 = Mock|Any CPU
		{C30A5D68-AA7B-4A37-8407-DFDDF2D4DA59}.Mock|ARM.ActiveCfg = Mock|Any CPU
		{C30A5D68-AA7B-4A37-8407-DFDDF2D4DA59}.Mock|ARM.Build.0 = Mock|Any CPU
		{C30A5D68-AA7B-4A37-8407-DFDDF2D4DA59}.Mock|ARM64.ActiveCfg = Mock|Any CPU
		{C30A5D68-AA7B-4A37-8407-DFDDF2D4DA59}.Mock|ARM64.Build.0 = Mock|Any CPU
		{C30A5D68-AA7B-4A37-8407-DFDDF2D4DA59}.Mock|iPhone.ActiveCfg = Mock|Any CPU
		{C30A5D68-AA7B-4A37-8407-DFDDF2D4DA59}.Mock|iPhone.Build.0 = Mock|Any CPU
		{C30A5D68-AA7B-4A37-8407-DFDDF2D4DA59}.Mock|iPhoneSimulator.ActiveCfg = Mock|Any CPU
		{C30A5D68-AA7B-4A37-8407-DFDDF2D4DA59}.Mock|iPhoneSimulator.Build.0 = Mock|Any CPU
		{C30A5D68-AA7B-4A37-8407-DFDDF2D4DA59}.Mock|x64.ActiveCfg = Mock|Any CPU
		{C30A5D68-AA7B-4A37-8407-DFDDF2D4DA59}.Mock|x64.Build.0 = Mock|Any CPU
		{C30A5D68-AA7B-4A37-8407-DFDDF2D4DA59}.Mock|x86.ActiveCfg = Mock|Any CPU
		{C30A5D68-AA7B-4A37-8407-DFDDF2D4DA59}.Mock|x86.Build.0 = Mock|Any CPU
		{C30A5D68-AA7B-4A37-8407-DFDDF2D4DA59}.Release|Any CPU.ActiveCfg = Release|Any CPU
		{C30A5D68-AA7B-4A37-8407-DFDDF2D4DA59}.Release|Any CPU.Build.0 = Release|Any CPU
		{C30A5D68-AA7B-4A37-8407-DFDDF2D4DA59}.Release|ARM.ActiveCfg = Release|Any CPU
		{C30A5D68-AA7B-4A37-8407-DFDDF2D4DA59}.Release|ARM.Build.0 = Release|Any CPU
		{C30A5D68-AA7B-4A37-8407-DFDDF2D4DA59}.Release|ARM64.ActiveCfg = Release|Any CPU
		{C30A5D68-AA7B-4A37-8407-DFDDF2D4DA59}.Release|ARM64.Build.0 = Release|Any CPU
		{C30A5D68-AA7B-4A37-8407-DFDDF2D4DA59}.Release|iPhone.ActiveCfg = Release|Any CPU
		{C30A5D68-AA7B-4A37-8407-DFDDF2D4DA59}.Release|iPhone.Build.0 = Release|Any CPU
		{C30A5D68-AA7B-4A37-8407-DFDDF2D4DA59}.Release|iPhoneSimulator.ActiveCfg = Release|Any CPU
		{C30A5D68-AA7B-4A37-8407-DFDDF2D4DA59}.Release|iPhoneSimulator.Build.0 = Release|Any CPU
		{C30A5D68-AA7B-4A37-8407-DFDDF2D4DA59}.Release|x64.ActiveCfg = Release|Any CPU
		{C30A5D68-AA7B-4A37-8407-DFDDF2D4DA59}.Release|x64.Build.0 = Release|Any CPU
		{C30A5D68-AA7B-4A37-8407-DFDDF2D4DA59}.Release|x86.ActiveCfg = Release|Any CPU
		{C30A5D68-AA7B-4A37-8407-DFDDF2D4DA59}.Release|x86.Build.0 = Release|Any CPU
		{F68F2B86-8F3C-4E0A-B9CC-9C918741984C}.Ad-Hoc|Any CPU.ActiveCfg = Debug|iPhoneSimulator
		{F68F2B86-8F3C-4E0A-B9CC-9C918741984C}.Ad-Hoc|Any CPU.Build.0 = Debug|iPhoneSimulator
		{F68F2B86-8F3C-4E0A-B9CC-9C918741984C}.Ad-Hoc|ARM.ActiveCfg = Debug|iPhoneSimulator
		{F68F2B86-8F3C-4E0A-B9CC-9C918741984C}.Ad-Hoc|ARM.Build.0 = Debug|iPhoneSimulator
		{F68F2B86-8F3C-4E0A-B9CC-9C918741984C}.Ad-Hoc|ARM64.ActiveCfg = Debug|iPhoneSimulator
		{F68F2B86-8F3C-4E0A-B9CC-9C918741984C}.Ad-Hoc|ARM64.Build.0 = Debug|iPhoneSimulator
		{F68F2B86-8F3C-4E0A-B9CC-9C918741984C}.Ad-Hoc|iPhone.ActiveCfg = Debug|iPhoneSimulator
		{F68F2B86-8F3C-4E0A-B9CC-9C918741984C}.Ad-Hoc|iPhone.Build.0 = Debug|iPhoneSimulator
		{F68F2B86-8F3C-4E0A-B9CC-9C918741984C}.Ad-Hoc|iPhoneSimulator.ActiveCfg = Debug|iPhoneSimulator
		{F68F2B86-8F3C-4E0A-B9CC-9C918741984C}.Ad-Hoc|iPhoneSimulator.Build.0 = Debug|iPhoneSimulator
		{F68F2B86-8F3C-4E0A-B9CC-9C918741984C}.Ad-Hoc|x64.ActiveCfg = Debug|iPhoneSimulator
		{F68F2B86-8F3C-4E0A-B9CC-9C918741984C}.Ad-Hoc|x64.Build.0 = Debug|iPhoneSimulator
		{F68F2B86-8F3C-4E0A-B9CC-9C918741984C}.Ad-Hoc|x86.ActiveCfg = Debug|iPhoneSimulator
		{F68F2B86-8F3C-4E0A-B9CC-9C918741984C}.Ad-Hoc|x86.Build.0 = Debug|iPhoneSimulator
		{F68F2B86-8F3C-4E0A-B9CC-9C918741984C}.AppStore|Any CPU.ActiveCfg = Debug|iPhoneSimulator
		{F68F2B86-8F3C-4E0A-B9CC-9C918741984C}.AppStore|Any CPU.Build.0 = Debug|iPhoneSimulator
		{F68F2B86-8F3C-4E0A-B9CC-9C918741984C}.AppStore|ARM.ActiveCfg = Debug|iPhoneSimulator
		{F68F2B86-8F3C-4E0A-B9CC-9C918741984C}.AppStore|ARM.Build.0 = Debug|iPhoneSimulator
		{F68F2B86-8F3C-4E0A-B9CC-9C918741984C}.AppStore|ARM64.ActiveCfg = Debug|iPhoneSimulator
		{F68F2B86-8F3C-4E0A-B9CC-9C918741984C}.AppStore|ARM64.Build.0 = Debug|iPhoneSimulator
		{F68F2B86-8F3C-4E0A-B9CC-9C918741984C}.AppStore|iPhone.ActiveCfg = Debug|iPhoneSimulator
		{F68F2B86-8F3C-4E0A-B9CC-9C918741984C}.AppStore|iPhone.Build.0 = Debug|iPhoneSimulator
		{F68F2B86-8F3C-4E0A-B9CC-9C918741984C}.AppStore|iPhoneSimulator.ActiveCfg = Debug|iPhoneSimulator
		{F68F2B86-8F3C-4E0A-B9CC-9C918741984C}.AppStore|iPhoneSimulator.Build.0 = Debug|iPhoneSimulator
		{F68F2B86-8F3C-4E0A-B9CC-9C918741984C}.AppStore|x64.ActiveCfg = Debug|iPhoneSimulator
		{F68F2B86-8F3C-4E0A-B9CC-9C918741984C}.AppStore|x64.Build.0 = Debug|iPhoneSimulator
		{F68F2B86-8F3C-4E0A-B9CC-9C918741984C}.AppStore|x86.ActiveCfg = Debug|iPhoneSimulator
		{F68F2B86-8F3C-4E0A-B9CC-9C918741984C}.AppStore|x86.Build.0 = Debug|iPhoneSimulator
		{F68F2B86-8F3C-4E0A-B9CC-9C918741984C}.Debug|Any CPU.ActiveCfg = Debug|iPhoneSimulator
		{F68F2B86-8F3C-4E0A-B9CC-9C918741984C}.Debug|ARM.ActiveCfg = Debug|iPhoneSimulator
		{F68F2B86-8F3C-4E0A-B9CC-9C918741984C}.Debug|ARM64.ActiveCfg = Debug|iPhoneSimulator
		{F68F2B86-8F3C-4E0A-B9CC-9C918741984C}.Debug|iPhone.ActiveCfg = Debug|iPhoneSimulator
		{F68F2B86-8F3C-4E0A-B9CC-9C918741984C}.Debug|iPhoneSimulator.ActiveCfg = Debug|iPhoneSimulator
		{F68F2B86-8F3C-4E0A-B9CC-9C918741984C}.Debug|iPhoneSimulator.Build.0 = Debug|iPhoneSimulator
		{F68F2B86-8F3C-4E0A-B9CC-9C918741984C}.Debug|x64.ActiveCfg = Debug|iPhoneSimulator
		{F68F2B86-8F3C-4E0A-B9CC-9C918741984C}.Debug|x86.ActiveCfg = Debug|iPhoneSimulator
		{F68F2B86-8F3C-4E0A-B9CC-9C918741984C}.Mock|Any CPU.ActiveCfg = Mock|iPhoneSimulator
		{F68F2B86-8F3C-4E0A-B9CC-9C918741984C}.Mock|ARM.ActiveCfg = Mock|iPhoneSimulator
		{F68F2B86-8F3C-4E0A-B9CC-9C918741984C}.Mock|ARM64.ActiveCfg = Mock|iPhoneSimulator
		{F68F2B86-8F3C-4E0A-B9CC-9C918741984C}.Mock|iPhone.ActiveCfg = Mock|iPhoneSimulator
		{F68F2B86-8F3C-4E0A-B9CC-9C918741984C}.Mock|iPhoneSimulator.ActiveCfg = Mock|iPhoneSimulator
		{F68F2B86-8F3C-4E0A-B9CC-9C918741984C}.Mock|x64.ActiveCfg = Mock|iPhoneSimulator
		{F68F2B86-8F3C-4E0A-B9CC-9C918741984C}.Mock|x86.ActiveCfg = Mock|iPhoneSimulator
		{F68F2B86-8F3C-4E0A-B9CC-9C918741984C}.Release|Any CPU.ActiveCfg = Release|iPhoneSimulator
		{F68F2B86-8F3C-4E0A-B9CC-9C918741984C}.Release|ARM.ActiveCfg = Release|iPhoneSimulator
		{F68F2B86-8F3C-4E0A-B9CC-9C918741984C}.Release|ARM64.ActiveCfg = Release|iPhoneSimulator
		{F68F2B86-8F3C-4E0A-B9CC-9C918741984C}.Release|iPhone.ActiveCfg = Release|iPhoneSimulator
		{F68F2B86-8F3C-4E0A-B9CC-9C918741984C}.Release|iPhoneSimulator.ActiveCfg = Release|iPhoneSimulator
		{F68F2B86-8F3C-4E0A-B9CC-9C918741984C}.Release|iPhoneSimulator.Build.0 = Release|iPhoneSimulator
		{F68F2B86-8F3C-4E0A-B9CC-9C918741984C}.Release|x64.ActiveCfg = Release|iPhoneSimulator
		{F68F2B86-8F3C-4E0A-B9CC-9C918741984C}.Release|x86.ActiveCfg = Release|iPhoneSimulator
		{60797DA9-99A9-4E90-AC53-D585D553B009}.Ad-Hoc|Any CPU.ActiveCfg = Debug|Any CPU
		{60797DA9-99A9-4E90-AC53-D585D553B009}.Ad-Hoc|Any CPU.Build.0 = Debug|Any CPU
		{60797DA9-99A9-4E90-AC53-D585D553B009}.Ad-Hoc|ARM.ActiveCfg = Debug|Any CPU
		{60797DA9-99A9-4E90-AC53-D585D553B009}.Ad-Hoc|ARM.Build.0 = Debug|Any CPU
		{60797DA9-99A9-4E90-AC53-D585D553B009}.Ad-Hoc|ARM64.ActiveCfg = Debug|Any CPU
		{60797DA9-99A9-4E90-AC53-D585D553B009}.Ad-Hoc|ARM64.Build.0 = Debug|Any CPU
		{60797DA9-99A9-4E90-AC53-D585D553B009}.Ad-Hoc|iPhone.ActiveCfg = Debug|Any CPU
		{60797DA9-99A9-4E90-AC53-D585D553B009}.Ad-Hoc|iPhone.Build.0 = Debug|Any CPU
		{60797DA9-99A9-4E90-AC53-D585D553B009}.Ad-Hoc|iPhoneSimulator.ActiveCfg = Debug|Any CPU
		{60797DA9-99A9-4E90-AC53-D585D553B009}.Ad-Hoc|iPhoneSimulator.Build.0 = Debug|Any CPU
		{60797DA9-99A9-4E90-AC53-D585D553B009}.Ad-Hoc|x64.ActiveCfg = Debug|Any CPU
		{60797DA9-99A9-4E90-AC53-D585D553B009}.Ad-Hoc|x64.Build.0 = Debug|Any CPU
		{60797DA9-99A9-4E90-AC53-D585D553B009}.Ad-Hoc|x86.ActiveCfg = Debug|Any CPU
		{60797DA9-99A9-4E90-AC53-D585D553B009}.Ad-Hoc|x86.Build.0 = Debug|Any CPU
		{60797DA9-99A9-4E90-AC53-D585D553B009}.AppStore|Any CPU.ActiveCfg = Debug|Any CPU
		{60797DA9-99A9-4E90-AC53-D585D553B009}.AppStore|Any CPU.Build.0 = Debug|Any CPU
		{60797DA9-99A9-4E90-AC53-D585D553B009}.AppStore|ARM.ActiveCfg = Debug|Any CPU
		{60797DA9-99A9-4E90-AC53-D585D553B009}.AppStore|ARM.Build.0 = Debug|Any CPU
		{60797DA9-99A9-4E90-AC53-D585D553B009}.AppStore|ARM64.ActiveCfg = Debug|Any CPU
		{60797DA9-99A9-4E90-AC53-D585D553B009}.AppStore|ARM64.Build.0 = Debug|Any CPU
		{60797DA9-99A9-4E90-AC53-D585D553B009}.AppStore|iPhone.ActiveCfg = Debug|Any CPU
		{60797DA9-99A9-4E90-AC53-D585D553B009}.AppStore|iPhone.Build.0 = Debug|Any CPU
		{60797DA9-99A9-4E90-AC53-D585D553B009}.AppStore|iPhoneSimulator.ActiveCfg = Debug|Any CPU
		{60797DA9-99A9-4E90-AC53-D585D553B009}.AppStore|iPhoneSimulator.Build.0 = Debug|Any CPU
		{60797DA9-99A9-4E90-AC53-D585D553B009}.AppStore|x64.ActiveCfg = Debug|Any CPU
		{60797DA9-99A9-4E90-AC53-D585D553B009}.AppStore|x64.Build.0 = Debug|Any CPU
		{60797DA9-99A9-4E90-AC53-D585D553B009}.AppStore|x86.ActiveCfg = Debug|Any CPU
		{60797DA9-99A9-4E90-AC53-D585D553B009}.AppStore|x86.Build.0 = Debug|Any CPU
		{60797DA9-99A9-4E90-AC53-D585D553B009}.Debug|Any CPU.ActiveCfg = Debug|Any CPU
		{60797DA9-99A9-4E90-AC53-D585D553B009}.Debug|Any CPU.Build.0 = Debug|Any CPU
		{60797DA9-99A9-4E90-AC53-D585D553B009}.Debug|ARM.ActiveCfg = Debug|Any CPU
		{60797DA9-99A9-4E90-AC53-D585D553B009}.Debug|ARM.Build.0 = Debug|Any CPU
		{60797DA9-99A9-4E90-AC53-D585D553B009}.Debug|ARM64.ActiveCfg = Debug|Any CPU
		{60797DA9-99A9-4E90-AC53-D585D553B009}.Debug|ARM64.Build.0 = Debug|Any CPU
		{60797DA9-99A9-4E90-AC53-D585D553B009}.Debug|iPhone.ActiveCfg = Debug|Any CPU
		{60797DA9-99A9-4E90-AC53-D585D553B009}.Debug|iPhone.Build.0 = Debug|Any CPU
		{60797DA9-99A9-4E90-AC53-D585D553B009}.Debug|iPhoneSimulator.ActiveCfg = Debug|Any CPU
		{60797DA9-99A9-4E90-AC53-D585D553B009}.Debug|iPhoneSimulator.Build.0 = Debug|Any CPU
		{60797DA9-99A9-4E90-AC53-D585D553B009}.Debug|x64.ActiveCfg = Debug|Any CPU
		{60797DA9-99A9-4E90-AC53-D585D553B009}.Debug|x64.Build.0 = Debug|Any CPU
		{60797DA9-99A9-4E90-AC53-D585D553B009}.Debug|x86.ActiveCfg = Debug|Any CPU
		{60797DA9-99A9-4E90-AC53-D585D553B009}.Debug|x86.Build.0 = Debug|Any CPU
		{60797DA9-99A9-4E90-AC53-D585D553B009}.Mock|Any CPU.ActiveCfg = Mock|Any CPU
		{60797DA9-99A9-4E90-AC53-D585D553B009}.Mock|Any CPU.Build.0 = Mock|Any CPU
		{60797DA9-99A9-4E90-AC53-D585D553B009}.Mock|ARM.ActiveCfg = Mock|Any CPU
		{60797DA9-99A9-4E90-AC53-D585D553B009}.Mock|ARM.Build.0 = Mock|Any CPU
		{60797DA9-99A9-4E90-AC53-D585D553B009}.Mock|ARM64.ActiveCfg = Mock|Any CPU
		{60797DA9-99A9-4E90-AC53-D585D553B009}.Mock|ARM64.Build.0 = Mock|Any CPU
		{60797DA9-99A9-4E90-AC53-D585D553B009}.Mock|iPhone.ActiveCfg = Mock|Any CPU
		{60797DA9-99A9-4E90-AC53-D585D553B009}.Mock|iPhone.Build.0 = Mock|Any CPU
		{60797DA9-99A9-4E90-AC53-D585D553B009}.Mock|iPhoneSimulator.ActiveCfg = Mock|Any CPU
		{60797DA9-99A9-4E90-AC53-D585D553B009}.Mock|iPhoneSimulator.Build.0 = Mock|Any CPU
		{60797DA9-99A9-4E90-AC53-D585D553B009}.Mock|x64.ActiveCfg = Mock|Any CPU
		{60797DA9-99A9-4E90-AC53-D585D553B009}.Mock|x64.Build.0 = Mock|Any CPU
		{60797DA9-99A9-4E90-AC53-D585D553B009}.Mock|x86.ActiveCfg = Mock|Any CPU
		{60797DA9-99A9-4E90-AC53-D585D553B009}.Mock|x86.Build.0 = Mock|Any CPU
		{60797DA9-99A9-4E90-AC53-D585D553B009}.Release|Any CPU.ActiveCfg = Release|Any CPU
		{60797DA9-99A9-4E90-AC53-D585D553B009}.Release|Any CPU.Build.0 = Release|Any CPU
		{60797DA9-99A9-4E90-AC53-D585D553B009}.Release|ARM.ActiveCfg = Release|Any CPU
		{60797DA9-99A9-4E90-AC53-D585D553B009}.Release|ARM.Build.0 = Release|Any CPU
		{60797DA9-99A9-4E90-AC53-D585D553B009}.Release|ARM64.ActiveCfg = Release|Any CPU
		{60797DA9-99A9-4E90-AC53-D585D553B009}.Release|ARM64.Build.0 = Release|Any CPU
		{60797DA9-99A9-4E90-AC53-D585D553B009}.Release|iPhone.ActiveCfg = Release|Any CPU
		{60797DA9-99A9-4E90-AC53-D585D553B009}.Release|iPhone.Build.0 = Release|Any CPU
		{60797DA9-99A9-4E90-AC53-D585D553B009}.Release|iPhoneSimulator.ActiveCfg = Release|Any CPU
		{60797DA9-99A9-4E90-AC53-D585D553B009}.Release|iPhoneSimulator.Build.0 = Release|Any CPU
		{60797DA9-99A9-4E90-AC53-D585D553B009}.Release|x64.ActiveCfg = Release|Any CPU
		{60797DA9-99A9-4E90-AC53-D585D553B009}.Release|x64.Build.0 = Release|Any CPU
		{60797DA9-99A9-4E90-AC53-D585D553B009}.Release|x86.ActiveCfg = Release|Any CPU
		{60797DA9-99A9-4E90-AC53-D585D553B009}.Release|x86.Build.0 = Release|Any CPU
		{AD35393C-C739-4B0E-9B27-E385F4DCCF2C}.Ad-Hoc|Any CPU.ActiveCfg = Debug|Any CPU
		{AD35393C-C739-4B0E-9B27-E385F4DCCF2C}.Ad-Hoc|Any CPU.Build.0 = Debug|Any CPU
		{AD35393C-C739-4B0E-9B27-E385F4DCCF2C}.Ad-Hoc|ARM.ActiveCfg = Debug|Any CPU
		{AD35393C-C739-4B0E-9B27-E385F4DCCF2C}.Ad-Hoc|ARM.Build.0 = Debug|Any CPU
		{AD35393C-C739-4B0E-9B27-E385F4DCCF2C}.Ad-Hoc|ARM64.ActiveCfg = Debug|Any CPU
		{AD35393C-C739-4B0E-9B27-E385F4DCCF2C}.Ad-Hoc|ARM64.Build.0 = Debug|Any CPU
		{AD35393C-C739-4B0E-9B27-E385F4DCCF2C}.Ad-Hoc|iPhone.ActiveCfg = Debug|Any CPU
		{AD35393C-C739-4B0E-9B27-E385F4DCCF2C}.Ad-Hoc|iPhone.Build.0 = Debug|Any CPU
		{AD35393C-C739-4B0E-9B27-E385F4DCCF2C}.Ad-Hoc|iPhoneSimulator.ActiveCfg = Debug|Any CPU
		{AD35393C-C739-4B0E-9B27-E385F4DCCF2C}.Ad-Hoc|iPhoneSimulator.Build.0 = Debug|Any CPU
		{AD35393C-C739-4B0E-9B27-E385F4DCCF2C}.Ad-Hoc|x64.ActiveCfg = Debug|Any CPU
		{AD35393C-C739-4B0E-9B27-E385F4DCCF2C}.Ad-Hoc|x64.Build.0 = Debug|Any CPU
		{AD35393C-C739-4B0E-9B27-E385F4DCCF2C}.Ad-Hoc|x86.ActiveCfg = Debug|Any CPU
		{AD35393C-C739-4B0E-9B27-E385F4DCCF2C}.Ad-Hoc|x86.Build.0 = Debug|Any CPU
		{AD35393C-C739-4B0E-9B27-E385F4DCCF2C}.AppStore|Any CPU.ActiveCfg = Debug|Any CPU
		{AD35393C-C739-4B0E-9B27-E385F4DCCF2C}.AppStore|Any CPU.Build.0 = Debug|Any CPU
		{AD35393C-C739-4B0E-9B27-E385F4DCCF2C}.AppStore|ARM.ActiveCfg = Debug|Any CPU
		{AD35393C-C739-4B0E-9B27-E385F4DCCF2C}.AppStore|ARM.Build.0 = Debug|Any CPU
		{AD35393C-C739-4B0E-9B27-E385F4DCCF2C}.AppStore|ARM64.ActiveCfg = Debug|Any CPU
		{AD35393C-C739-4B0E-9B27-E385F4DCCF2C}.AppStore|ARM64.Build.0 = Debug|Any CPU
		{AD35393C-C739-4B0E-9B27-E385F4DCCF2C}.AppStore|iPhone.ActiveCfg = Debug|Any CPU
		{AD35393C-C739-4B0E-9B27-E385F4DCCF2C}.AppStore|iPhone.Build.0 = Debug|Any CPU
		{AD35393C-C739-4B0E-9B27-E385F4DCCF2C}.AppStore|iPhoneSimulator.ActiveCfg = Debug|Any CPU
		{AD35393C-C739-4B0E-9B27-E385F4DCCF2C}.AppStore|iPhoneSimulator.Build.0 = Debug|Any CPU
		{AD35393C-C739-4B0E-9B27-E385F4DCCF2C}.AppStore|x64.ActiveCfg = Debug|Any CPU
		{AD35393C-C739-4B0E-9B27-E385F4DCCF2C}.AppStore|x64.Build.0 = Debug|Any CPU
		{AD35393C-C739-4B0E-9B27-E385F4DCCF2C}.AppStore|x86.ActiveCfg = Debug|Any CPU
		{AD35393C-C739-4B0E-9B27-E385F4DCCF2C}.AppStore|x86.Build.0 = Debug|Any CPU
		{AD35393C-C739-4B0E-9B27-E385F4DCCF2C}.Debug|Any CPU.ActiveCfg = Debug|Any CPU
		{AD35393C-C739-4B0E-9B27-E385F4DCCF2C}.Debug|Any CPU.Build.0 = Debug|Any CPU
		{AD35393C-C739-4B0E-9B27-E385F4DCCF2C}.Debug|ARM.ActiveCfg = Debug|Any CPU
		{AD35393C-C739-4B0E-9B27-E385F4DCCF2C}.Debug|ARM.Build.0 = Debug|Any CPU
		{AD35393C-C739-4B0E-9B27-E385F4DCCF2C}.Debug|ARM64.ActiveCfg = Debug|Any CPU
		{AD35393C-C739-4B0E-9B27-E385F4DCCF2C}.Debug|ARM64.Build.0 = Debug|Any CPU
		{AD35393C-C739-4B0E-9B27-E385F4DCCF2C}.Debug|iPhone.ActiveCfg = Debug|Any CPU
		{AD35393C-C739-4B0E-9B27-E385F4DCCF2C}.Debug|iPhone.Build.0 = Debug|Any CPU
		{AD35393C-C739-4B0E-9B27-E385F4DCCF2C}.Debug|iPhoneSimulator.ActiveCfg = Debug|Any CPU
		{AD35393C-C739-4B0E-9B27-E385F4DCCF2C}.Debug|iPhoneSimulator.Build.0 = Debug|Any CPU
		{AD35393C-C739-4B0E-9B27-E385F4DCCF2C}.Debug|x64.ActiveCfg = Debug|Any CPU
		{AD35393C-C739-4B0E-9B27-E385F4DCCF2C}.Debug|x64.Build.0 = Debug|Any CPU
		{AD35393C-C739-4B0E-9B27-E385F4DCCF2C}.Debug|x86.ActiveCfg = Debug|Any CPU
		{AD35393C-C739-4B0E-9B27-E385F4DCCF2C}.Debug|x86.Build.0 = Debug|Any CPU
		{AD35393C-C739-4B0E-9B27-E385F4DCCF2C}.Mock|Any CPU.ActiveCfg = Mock|Any CPU
		{AD35393C-C739-4B0E-9B27-E385F4DCCF2C}.Mock|Any CPU.Build.0 = Mock|Any CPU
		{AD35393C-C739-4B0E-9B27-E385F4DCCF2C}.Mock|ARM.ActiveCfg = Mock|Any CPU
		{AD35393C-C739-4B0E-9B27-E385F4DCCF2C}.Mock|ARM.Build.0 = Mock|Any CPU
		{AD35393C-C739-4B0E-9B27-E385F4DCCF2C}.Mock|ARM64.ActiveCfg = Mock|Any CPU
		{AD35393C-C739-4B0E-9B27-E385F4DCCF2C}.Mock|ARM64.Build.0 = Mock|Any CPU
		{AD35393C-C739-4B0E-9B27-E385F4DCCF2C}.Mock|iPhone.ActiveCfg = Mock|Any CPU
		{AD35393C-C739-4B0E-9B27-E385F4DCCF2C}.Mock|iPhone.Build.0 = Mock|Any CPU
		{AD35393C-C739-4B0E-9B27-E385F4DCCF2C}.Mock|iPhoneSimulator.ActiveCfg = Mock|Any CPU
		{AD35393C-C739-4B0E-9B27-E385F4DCCF2C}.Mock|iPhoneSimulator.Build.0 = Mock|Any CPU
		{AD35393C-C739-4B0E-9B27-E385F4DCCF2C}.Mock|x64.ActiveCfg = Mock|Any CPU
		{AD35393C-C739-4B0E-9B27-E385F4DCCF2C}.Mock|x64.Build.0 = Mock|Any CPU
		{AD35393C-C739-4B0E-9B27-E385F4DCCF2C}.Mock|x86.ActiveCfg = Mock|Any CPU
		{AD35393C-C739-4B0E-9B27-E385F4DCCF2C}.Mock|x86.Build.0 = Mock|Any CPU
		{AD35393C-C739-4B0E-9B27-E385F4DCCF2C}.Release|Any CPU.ActiveCfg = Release|Any CPU
		{AD35393C-C739-4B0E-9B27-E385F4DCCF2C}.Release|Any CPU.Build.0 = Release|Any CPU
		{AD35393C-C739-4B0E-9B27-E385F4DCCF2C}.Release|ARM.ActiveCfg = Release|Any CPU
		{AD35393C-C739-4B0E-9B27-E385F4DCCF2C}.Release|ARM.Build.0 = Release|Any CPU
		{AD35393C-C739-4B0E-9B27-E385F4DCCF2C}.Release|ARM64.ActiveCfg = Release|Any CPU
		{AD35393C-C739-4B0E-9B27-E385F4DCCF2C}.Release|ARM64.Build.0 = Release|Any CPU
		{AD35393C-C739-4B0E-9B27-E385F4DCCF2C}.Release|iPhone.ActiveCfg = Release|Any CPU
		{AD35393C-C739-4B0E-9B27-E385F4DCCF2C}.Release|iPhone.Build.0 = Release|Any CPU
		{AD35393C-C739-4B0E-9B27-E385F4DCCF2C}.Release|iPhoneSimulator.ActiveCfg = Release|Any CPU
		{AD35393C-C739-4B0E-9B27-E385F4DCCF2C}.Release|iPhoneSimulator.Build.0 = Release|Any CPU
		{AD35393C-C739-4B0E-9B27-E385F4DCCF2C}.Release|x64.ActiveCfg = Release|Any CPU
		{AD35393C-C739-4B0E-9B27-E385F4DCCF2C}.Release|x64.Build.0 = Release|Any CPU
		{AD35393C-C739-4B0E-9B27-E385F4DCCF2C}.Release|x86.ActiveCfg = Release|Any CPU
		{AD35393C-C739-4B0E-9B27-E385F4DCCF2C}.Release|x86.Build.0 = Release|Any CPU
		{578C6F1F-2603-4D9D-B51A-4404213B2AD1}.Ad-Hoc|Any CPU.ActiveCfg = Debug|Any CPU
		{578C6F1F-2603-4D9D-B51A-4404213B2AD1}.Ad-Hoc|Any CPU.Build.0 = Debug|Any CPU
		{578C6F1F-2603-4D9D-B51A-4404213B2AD1}.Ad-Hoc|ARM.ActiveCfg = Debug|Any CPU
		{578C6F1F-2603-4D9D-B51A-4404213B2AD1}.Ad-Hoc|ARM.Build.0 = Debug|Any CPU
		{578C6F1F-2603-4D9D-B51A-4404213B2AD1}.Ad-Hoc|ARM64.ActiveCfg = Debug|Any CPU
		{578C6F1F-2603-4D9D-B51A-4404213B2AD1}.Ad-Hoc|ARM64.Build.0 = Debug|Any CPU
		{578C6F1F-2603-4D9D-B51A-4404213B2AD1}.Ad-Hoc|iPhone.ActiveCfg = Debug|Any CPU
		{578C6F1F-2603-4D9D-B51A-4404213B2AD1}.Ad-Hoc|iPhone.Build.0 = Debug|Any CPU
		{578C6F1F-2603-4D9D-B51A-4404213B2AD1}.Ad-Hoc|iPhoneSimulator.ActiveCfg = Debug|Any CPU
		{578C6F1F-2603-4D9D-B51A-4404213B2AD1}.Ad-Hoc|iPhoneSimulator.Build.0 = Debug|Any CPU
		{578C6F1F-2603-4D9D-B51A-4404213B2AD1}.Ad-Hoc|x64.ActiveCfg = Debug|Any CPU
		{578C6F1F-2603-4D9D-B51A-4404213B2AD1}.Ad-Hoc|x64.Build.0 = Debug|Any CPU
		{578C6F1F-2603-4D9D-B51A-4404213B2AD1}.Ad-Hoc|x86.ActiveCfg = Debug|Any CPU
		{578C6F1F-2603-4D9D-B51A-4404213B2AD1}.Ad-Hoc|x86.Build.0 = Debug|Any CPU
		{578C6F1F-2603-4D9D-B51A-4404213B2AD1}.AppStore|Any CPU.ActiveCfg = Debug|Any CPU
		{578C6F1F-2603-4D9D-B51A-4404213B2AD1}.AppStore|Any CPU.Build.0 = Debug|Any CPU
		{578C6F1F-2603-4D9D-B51A-4404213B2AD1}.AppStore|ARM.ActiveCfg = Debug|Any CPU
		{578C6F1F-2603-4D9D-B51A-4404213B2AD1}.AppStore|ARM.Build.0 = Debug|Any CPU
		{578C6F1F-2603-4D9D-B51A-4404213B2AD1}.AppStore|ARM64.ActiveCfg = Debug|Any CPU
		{578C6F1F-2603-4D9D-B51A-4404213B2AD1}.AppStore|ARM64.Build.0 = Debug|Any CPU
		{578C6F1F-2603-4D9D-B51A-4404213B2AD1}.AppStore|iPhone.ActiveCfg = Debug|Any CPU
		{578C6F1F-2603-4D9D-B51A-4404213B2AD1}.AppStore|iPhone.Build.0 = Debug|Any CPU
		{578C6F1F-2603-4D9D-B51A-4404213B2AD1}.AppStore|iPhoneSimulator.ActiveCfg = Debug|Any CPU
		{578C6F1F-2603-4D9D-B51A-4404213B2AD1}.AppStore|iPhoneSimulator.Build.0 = Debug|Any CPU
		{578C6F1F-2603-4D9D-B51A-4404213B2AD1}.AppStore|x64.ActiveCfg = Debug|Any CPU
		{578C6F1F-2603-4D9D-B51A-4404213B2AD1}.AppStore|x64.Build.0 = Debug|Any CPU
		{578C6F1F-2603-4D9D-B51A-4404213B2AD1}.AppStore|x86.ActiveCfg = Debug|Any CPU
		{578C6F1F-2603-4D9D-B51A-4404213B2AD1}.AppStore|x86.Build.0 = Debug|Any CPU
		{578C6F1F-2603-4D9D-B51A-4404213B2AD1}.Debug|Any CPU.ActiveCfg = Debug|Any CPU
		{578C6F1F-2603-4D9D-B51A-4404213B2AD1}.Debug|Any CPU.Build.0 = Debug|Any CPU
		{578C6F1F-2603-4D9D-B51A-4404213B2AD1}.Debug|ARM.ActiveCfg = Debug|Any CPU
		{578C6F1F-2603-4D9D-B51A-4404213B2AD1}.Debug|ARM.Build.0 = Debug|Any CPU
		{578C6F1F-2603-4D9D-B51A-4404213B2AD1}.Debug|ARM64.ActiveCfg = Debug|Any CPU
		{578C6F1F-2603-4D9D-B51A-4404213B2AD1}.Debug|ARM64.Build.0 = Debug|Any CPU
		{578C6F1F-2603-4D9D-B51A-4404213B2AD1}.Debug|iPhone.ActiveCfg = Debug|Any CPU
		{578C6F1F-2603-4D9D-B51A-4404213B2AD1}.Debug|iPhone.Build.0 = Debug|Any CPU
		{578C6F1F-2603-4D9D-B51A-4404213B2AD1}.Debug|iPhoneSimulator.ActiveCfg = Debug|Any CPU
		{578C6F1F-2603-4D9D-B51A-4404213B2AD1}.Debug|iPhoneSimulator.Build.0 = Debug|Any CPU
		{578C6F1F-2603-4D9D-B51A-4404213B2AD1}.Debug|x64.ActiveCfg = Debug|Any CPU
		{578C6F1F-2603-4D9D-B51A-4404213B2AD1}.Debug|x64.Build.0 = Debug|Any CPU
		{578C6F1F-2603-4D9D-B51A-4404213B2AD1}.Debug|x86.ActiveCfg = Debug|Any CPU
		{578C6F1F-2603-4D9D-B51A-4404213B2AD1}.Debug|x86.Build.0 = Debug|Any CPU
		{578C6F1F-2603-4D9D-B51A-4404213B2AD1}.Mock|Any CPU.ActiveCfg = Mock|Any CPU
		{578C6F1F-2603-4D9D-B51A-4404213B2AD1}.Mock|Any CPU.Build.0 = Mock|Any CPU
		{578C6F1F-2603-4D9D-B51A-4404213B2AD1}.Mock|ARM.ActiveCfg = Mock|Any CPU
		{578C6F1F-2603-4D9D-B51A-4404213B2AD1}.Mock|ARM.Build.0 = Mock|Any CPU
		{578C6F1F-2603-4D9D-B51A-4404213B2AD1}.Mock|ARM64.ActiveCfg = Mock|Any CPU
		{578C6F1F-2603-4D9D-B51A-4404213B2AD1}.Mock|ARM64.Build.0 = Mock|Any CPU
		{578C6F1F-2603-4D9D-B51A-4404213B2AD1}.Mock|iPhone.ActiveCfg = Mock|Any CPU
		{578C6F1F-2603-4D9D-B51A-4404213B2AD1}.Mock|iPhone.Build.0 = Mock|Any CPU
		{578C6F1F-2603-4D9D-B51A-4404213B2AD1}.Mock|iPhoneSimulator.ActiveCfg = Mock|Any CPU
		{578C6F1F-2603-4D9D-B51A-4404213B2AD1}.Mock|iPhoneSimulator.Build.0 = Mock|Any CPU
		{578C6F1F-2603-4D9D-B51A-4404213B2AD1}.Mock|x64.ActiveCfg = Mock|Any CPU
		{578C6F1F-2603-4D9D-B51A-4404213B2AD1}.Mock|x64.Build.0 = Mock|Any CPU
		{578C6F1F-2603-4D9D-B51A-4404213B2AD1}.Mock|x86.ActiveCfg = Mock|Any CPU
		{578C6F1F-2603-4D9D-B51A-4404213B2AD1}.Mock|x86.Build.0 = Mock|Any CPU
		{578C6F1F-2603-4D9D-B51A-4404213B2AD1}.Release|Any CPU.ActiveCfg = Release|Any CPU
		{578C6F1F-2603-4D9D-B51A-4404213B2AD1}.Release|Any CPU.Build.0 = Release|Any CPU
		{578C6F1F-2603-4D9D-B51A-4404213B2AD1}.Release|ARM.ActiveCfg = Release|Any CPU
		{578C6F1F-2603-4D9D-B51A-4404213B2AD1}.Release|ARM.Build.0 = Release|Any CPU
		{578C6F1F-2603-4D9D-B51A-4404213B2AD1}.Release|ARM64.ActiveCfg = Release|Any CPU
		{578C6F1F-2603-4D9D-B51A-4404213B2AD1}.Release|ARM64.Build.0 = Release|Any CPU
		{578C6F1F-2603-4D9D-B51A-4404213B2AD1}.Release|iPhone.ActiveCfg = Release|Any CPU
		{578C6F1F-2603-4D9D-B51A-4404213B2AD1}.Release|iPhone.Build.0 = Release|Any CPU
		{578C6F1F-2603-4D9D-B51A-4404213B2AD1}.Release|iPhoneSimulator.ActiveCfg = Release|Any CPU
		{578C6F1F-2603-4D9D-B51A-4404213B2AD1}.Release|iPhoneSimulator.Build.0 = Release|Any CPU
		{578C6F1F-2603-4D9D-B51A-4404213B2AD1}.Release|x64.ActiveCfg = Release|Any CPU
		{578C6F1F-2603-4D9D-B51A-4404213B2AD1}.Release|x64.Build.0 = Release|Any CPU
		{578C6F1F-2603-4D9D-B51A-4404213B2AD1}.Release|x86.ActiveCfg = Release|Any CPU
		{578C6F1F-2603-4D9D-B51A-4404213B2AD1}.Release|x86.Build.0 = Release|Any CPU
		{84109C09-5D4F-4F4F-BC20-D4CAE72EA4B5}.Ad-Hoc|Any CPU.ActiveCfg = Debug|Any CPU
		{84109C09-5D4F-4F4F-BC20-D4CAE72EA4B5}.Ad-Hoc|Any CPU.Build.0 = Debug|Any CPU
		{84109C09-5D4F-4F4F-BC20-D4CAE72EA4B5}.Ad-Hoc|ARM.ActiveCfg = Debug|Any CPU
		{84109C09-5D4F-4F4F-BC20-D4CAE72EA4B5}.Ad-Hoc|ARM.Build.0 = Debug|Any CPU
		{84109C09-5D4F-4F4F-BC20-D4CAE72EA4B5}.Ad-Hoc|ARM64.ActiveCfg = Debug|Any CPU
		{84109C09-5D4F-4F4F-BC20-D4CAE72EA4B5}.Ad-Hoc|ARM64.Build.0 = Debug|Any CPU
		{84109C09-5D4F-4F4F-BC20-D4CAE72EA4B5}.Ad-Hoc|iPhone.ActiveCfg = Debug|Any CPU
		{84109C09-5D4F-4F4F-BC20-D4CAE72EA4B5}.Ad-Hoc|iPhone.Build.0 = Debug|Any CPU
		{84109C09-5D4F-4F4F-BC20-D4CAE72EA4B5}.Ad-Hoc|iPhoneSimulator.ActiveCfg = Debug|Any CPU
		{84109C09-5D4F-4F4F-BC20-D4CAE72EA4B5}.Ad-Hoc|iPhoneSimulator.Build.0 = Debug|Any CPU
		{84109C09-5D4F-4F4F-BC20-D4CAE72EA4B5}.Ad-Hoc|x64.ActiveCfg = Debug|Any CPU
		{84109C09-5D4F-4F4F-BC20-D4CAE72EA4B5}.Ad-Hoc|x64.Build.0 = Debug|Any CPU
		{84109C09-5D4F-4F4F-BC20-D4CAE72EA4B5}.Ad-Hoc|x86.ActiveCfg = Debug|Any CPU
		{84109C09-5D4F-4F4F-BC20-D4CAE72EA4B5}.Ad-Hoc|x86.Build.0 = Debug|Any CPU
		{84109C09-5D4F-4F4F-BC20-D4CAE72EA4B5}.AppStore|Any CPU.ActiveCfg = Debug|Any CPU
		{84109C09-5D4F-4F4F-BC20-D4CAE72EA4B5}.AppStore|Any CPU.Build.0 = Debug|Any CPU
		{84109C09-5D4F-4F4F-BC20-D4CAE72EA4B5}.AppStore|ARM.ActiveCfg = Debug|Any CPU
		{84109C09-5D4F-4F4F-BC20-D4CAE72EA4B5}.AppStore|ARM.Build.0 = Debug|Any CPU
		{84109C09-5D4F-4F4F-BC20-D4CAE72EA4B5}.AppStore|ARM64.ActiveCfg = Debug|Any CPU
		{84109C09-5D4F-4F4F-BC20-D4CAE72EA4B5}.AppStore|ARM64.Build.0 = Debug|Any CPU
		{84109C09-5D4F-4F4F-BC20-D4CAE72EA4B5}.AppStore|iPhone.ActiveCfg = Debug|Any CPU
		{84109C09-5D4F-4F4F-BC20-D4CAE72EA4B5}.AppStore|iPhone.Build.0 = Debug|Any CPU
		{84109C09-5D4F-4F4F-BC20-D4CAE72EA4B5}.AppStore|iPhoneSimulator.ActiveCfg = Debug|Any CPU
		{84109C09-5D4F-4F4F-BC20-D4CAE72EA4B5}.AppStore|iPhoneSimulator.Build.0 = Debug|Any CPU
		{84109C09-5D4F-4F4F-BC20-D4CAE72EA4B5}.AppStore|x64.ActiveCfg = Debug|Any CPU
		{84109C09-5D4F-4F4F-BC20-D4CAE72EA4B5}.AppStore|x64.Build.0 = Debug|Any CPU
		{84109C09-5D4F-4F4F-BC20-D4CAE72EA4B5}.AppStore|x86.ActiveCfg = Debug|Any CPU
		{84109C09-5D4F-4F4F-BC20-D4CAE72EA4B5}.AppStore|x86.Build.0 = Debug|Any CPU
		{84109C09-5D4F-4F4F-BC20-D4CAE72EA4B5}.Debug|Any CPU.ActiveCfg = Debug|Any CPU
		{84109C09-5D4F-4F4F-BC20-D4CAE72EA4B5}.Debug|Any CPU.Build.0 = Debug|Any CPU
		{84109C09-5D4F-4F4F-BC20-D4CAE72EA4B5}.Debug|ARM.ActiveCfg = Debug|Any CPU
		{84109C09-5D4F-4F4F-BC20-D4CAE72EA4B5}.Debug|ARM.Build.0 = Debug|Any CPU
		{84109C09-5D4F-4F4F-BC20-D4CAE72EA4B5}.Debug|ARM64.ActiveCfg = Debug|Any CPU
		{84109C09-5D4F-4F4F-BC20-D4CAE72EA4B5}.Debug|ARM64.Build.0 = Debug|Any CPU
		{84109C09-5D4F-4F4F-BC20-D4CAE72EA4B5}.Debug|iPhone.ActiveCfg = Debug|Any CPU
		{84109C09-5D4F-4F4F-BC20-D4CAE72EA4B5}.Debug|iPhone.Build.0 = Debug|Any CPU
		{84109C09-5D4F-4F4F-BC20-D4CAE72EA4B5}.Debug|iPhoneSimulator.ActiveCfg = Debug|Any CPU
		{84109C09-5D4F-4F4F-BC20-D4CAE72EA4B5}.Debug|iPhoneSimulator.Build.0 = Debug|Any CPU
		{84109C09-5D4F-4F4F-BC20-D4CAE72EA4B5}.Debug|x64.ActiveCfg = Debug|Any CPU
		{84109C09-5D4F-4F4F-BC20-D4CAE72EA4B5}.Debug|x64.Build.0 = Debug|Any CPU
		{84109C09-5D4F-4F4F-BC20-D4CAE72EA4B5}.Debug|x86.ActiveCfg = Debug|Any CPU
		{84109C09-5D4F-4F4F-BC20-D4CAE72EA4B5}.Debug|x86.Build.0 = Debug|Any CPU
		{84109C09-5D4F-4F4F-BC20-D4CAE72EA4B5}.Mock|Any CPU.ActiveCfg = Mock|Any CPU
		{84109C09-5D4F-4F4F-BC20-D4CAE72EA4B5}.Mock|Any CPU.Build.0 = Mock|Any CPU
		{84109C09-5D4F-4F4F-BC20-D4CAE72EA4B5}.Mock|ARM.ActiveCfg = Mock|Any CPU
		{84109C09-5D4F-4F4F-BC20-D4CAE72EA4B5}.Mock|ARM.Build.0 = Mock|Any CPU
		{84109C09-5D4F-4F4F-BC20-D4CAE72EA4B5}.Mock|ARM64.ActiveCfg = Mock|Any CPU
		{84109C09-5D4F-4F4F-BC20-D4CAE72EA4B5}.Mock|ARM64.Build.0 = Mock|Any CPU
		{84109C09-5D4F-4F4F-BC20-D4CAE72EA4B5}.Mock|iPhone.ActiveCfg = Mock|Any CPU
		{84109C09-5D4F-4F4F-BC20-D4CAE72EA4B5}.Mock|iPhone.Build.0 = Mock|Any CPU
		{84109C09-5D4F-4F4F-BC20-D4CAE72EA4B5}.Mock|iPhoneSimulator.ActiveCfg = Mock|Any CPU
		{84109C09-5D4F-4F4F-BC20-D4CAE72EA4B5}.Mock|iPhoneSimulator.Build.0 = Mock|Any CPU
		{84109C09-5D4F-4F4F-BC20-D4CAE72EA4B5}.Mock|x64.ActiveCfg = Mock|Any CPU
		{84109C09-5D4F-4F4F-BC20-D4CAE72EA4B5}.Mock|x64.Build.0 = Mock|Any CPU
		{84109C09-5D4F-4F4F-BC20-D4CAE72EA4B5}.Mock|x86.ActiveCfg = Mock|Any CPU
		{84109C09-5D4F-4F4F-BC20-D4CAE72EA4B5}.Mock|x86.Build.0 = Mock|Any CPU
		{84109C09-5D4F-4F4F-BC20-D4CAE72EA4B5}.Release|Any CPU.ActiveCfg = Release|Any CPU
		{84109C09-5D4F-4F4F-BC20-D4CAE72EA4B5}.Release|Any CPU.Build.0 = Release|Any CPU
		{84109C09-5D4F-4F4F-BC20-D4CAE72EA4B5}.Release|ARM.ActiveCfg = Release|Any CPU
		{84109C09-5D4F-4F4F-BC20-D4CAE72EA4B5}.Release|ARM.Build.0 = Release|Any CPU
		{84109C09-5D4F-4F4F-BC20-D4CAE72EA4B5}.Release|ARM64.ActiveCfg = Release|Any CPU
		{84109C09-5D4F-4F4F-BC20-D4CAE72EA4B5}.Release|ARM64.Build.0 = Release|Any CPU
		{84109C09-5D4F-4F4F-BC20-D4CAE72EA4B5}.Release|iPhone.ActiveCfg = Release|Any CPU
		{84109C09-5D4F-4F4F-BC20-D4CAE72EA4B5}.Release|iPhone.Build.0 = Release|Any CPU
		{84109C09-5D4F-4F4F-BC20-D4CAE72EA4B5}.Release|iPhoneSimulator.ActiveCfg = Release|Any CPU
		{84109C09-5D4F-4F4F-BC20-D4CAE72EA4B5}.Release|iPhoneSimulator.Build.0 = Release|Any CPU
		{84109C09-5D4F-4F4F-BC20-D4CAE72EA4B5}.Release|x64.ActiveCfg = Release|Any CPU
		{84109C09-5D4F-4F4F-BC20-D4CAE72EA4B5}.Release|x64.Build.0 = Release|Any CPU
		{84109C09-5D4F-4F4F-BC20-D4CAE72EA4B5}.Release|x86.ActiveCfg = Release|Any CPU
		{84109C09-5D4F-4F4F-BC20-D4CAE72EA4B5}.Release|x86.Build.0 = Release|Any CPU
	EndGlobalSection
	GlobalSection(SolutionProperties) = preSolution
		HideSolutionNode = FALSE
	EndGlobalSection
	GlobalSection(NestedProjects) = preSolution
		{56CD48D5-B44B-4298-9726-027E3A3F0278} = {517176E4-B36D-4059-BA85-B1E7B5004396}
		{09CEADF4-9F92-497C-9E91-5DFAA0026165} = {517176E4-B36D-4059-BA85-B1E7B5004396}
		{1D44F15D-18BB-4557-AE67-A89419985765} = {517176E4-B36D-4059-BA85-B1E7B5004396}
		{C30A5D68-AA7B-4A37-8407-DFDDF2D4DA59} = {517176E4-B36D-4059-BA85-B1E7B5004396}
		{F68F2B86-8F3C-4E0A-B9CC-9C918741984C} = {517176E4-B36D-4059-BA85-B1E7B5004396}
		{60797DA9-99A9-4E90-AC53-D585D553B009} = {517176E4-B36D-4059-BA85-B1E7B5004396}
		{AD35393C-C739-4B0E-9B27-E385F4DCCF2C} = {517176E4-B36D-4059-BA85-B1E7B5004396}
		{578C6F1F-2603-4D9D-B51A-4404213B2AD1} = {517176E4-B36D-4059-BA85-B1E7B5004396}
		{84109C09-5D4F-4F4F-BC20-D4CAE72EA4B5} = {517176E4-B36D-4059-BA85-B1E7B5004396}
	EndGlobalSection
	GlobalSection(ExtensibilityGlobals) = postSolution
		SolutionGuid = {00B24382-F9B7-44E6-A38E-166B4441D5CC}
	EndGlobalSection
EndGlobal
